// !$*UTF8*$!
{
	archiveVersion = 1;
	classes = {
	};
	objectVersion = 46;
	objects = {

/* Begin PBXBuildFile section */
		6E5F500E2A52C37DD608FD11 /* Pods_kuti_social.framework in Frameworks */ = {isa = PBXBuildFile; fileRef = BE8A747FE35155F832D3F4CB /* Pods_kuti_social.framework */; };
		7D18906E1E5F4ECC00E74291 /* GoogleService-Info.plist in Resources */ = {isa = PBXBuildFile; fileRef = 7D18906D1E5F4ECC00E74291 /* GoogleService-Info.plist */; };
		7D1890701E5F6D4900E74291 /* FeedVC.swift in Sources */ = {isa = PBXBuildFile; fileRef = 7D18906F1E5F6D4900E74291 /* FeedVC.swift */; };
		7D1890721E5F95EB00E74291 /* CircleView.swift in Sources */ = {isa = PBXBuildFile; fileRef = 7D1890711E5F95EB00E74291 /* CircleView.swift */; };
		7D1890741E5FB99400E74291 /* PostCell.swift in Sources */ = {isa = PBXBuildFile; fileRef = 7D1890731E5FB99400E74291 /* PostCell.swift */; };
		7D1890771E5FCC8600E74291 /* DataService.swift in Sources */ = {isa = PBXBuildFile; fileRef = 7D1890761E5FCC8600E74291 /* DataService.swift */; };
		7DE290AE1E5E6A50005C689A /* FancyView.swift in Sources */ = {isa = PBXBuildFile; fileRef = 7DE290AD1E5E6A50005C689A /* FancyView.swift */; };
		7DE290B11E5E6B11005C689A /* Constants.swift in Sources */ = {isa = PBXBuildFile; fileRef = 7DE290B01E5E6B11005C689A /* Constants.swift */; };
		7DE290B31E5E6CF4005C689A /* RoundBtn.swift in Sources */ = {isa = PBXBuildFile; fileRef = 7DE290B21E5E6CF4005C689A /* RoundBtn.swift */; };
		7DE290B51E5E6E89005C689A /* FancyField.swift in Sources */ = {isa = PBXBuildFile; fileRef = 7DE290B41E5E6E89005C689A /* FancyField.swift */; };
		7DE290B71E5E6FE6005C689A /* FancySignInBtn.swift in Sources */ = {isa = PBXBuildFile; fileRef = 7DE290B61E5E6FE6005C689A /* FancySignInBtn.swift */; };
		7DF3C53C1E5DF9A2005D9161 /* AppDelegate.swift in Sources */ = {isa = PBXBuildFile; fileRef = 7DF3C53B1E5DF9A2005D9161 /* AppDelegate.swift */; };
		7DF3C53E1E5DF9A2005D9161 /* SignInVC.swift in Sources */ = {isa = PBXBuildFile; fileRef = 7DF3C53D1E5DF9A2005D9161 /* SignInVC.swift */; };
		7DF3C5411E5DF9A2005D9161 /* Main.storyboard in Resources */ = {isa = PBXBuildFile; fileRef = 7DF3C53F1E5DF9A2005D9161 /* Main.storyboard */; };
		7DF3C5431E5DF9A2005D9161 /* Assets.xcassets in Resources */ = {isa = PBXBuildFile; fileRef = 7DF3C5421E5DF9A2005D9161 /* Assets.xcassets */; };
		7DF3C5461E5DF9A2005D9161 /* LaunchScreen.storyboard in Resources */ = {isa = PBXBuildFile; fileRef = 7DF3C5441E5DF9A2005D9161 /* LaunchScreen.storyboard */; };
/* End PBXBuildFile section */

/* Begin PBXFileReference section */
		7D18906D1E5F4ECC00E74291 /* GoogleService-Info.plist */ = {isa = PBXFileReference; fileEncoding = 4; lastKnownFileType = text.plist.xml; path = "GoogleService-Info.plist"; sourceTree = "<group>"; };
		7D18906F1E5F6D4900E74291 /* FeedVC.swift */ = {isa = PBXFileReference; fileEncoding = 4; lastKnownFileType = sourcecode.swift; path = FeedVC.swift; sourceTree = "<group>"; };
		7D1890711E5F95EB00E74291 /* CircleView.swift */ = {isa = PBXFileReference; fileEncoding = 4; lastKnownFileType = sourcecode.swift; path = CircleView.swift; sourceTree = "<group>"; };
		7D1890731E5FB99400E74291 /* PostCell.swift */ = {isa = PBXFileReference; fileEncoding = 4; lastKnownFileType = sourcecode.swift; path = PostCell.swift; sourceTree = "<group>"; };
		7D1890761E5FCC8600E74291 /* DataService.swift */ = {isa = PBXFileReference; fileEncoding = 4; lastKnownFileType = sourcecode.swift; path = DataService.swift; sourceTree = "<group>"; };
		7DE290AD1E5E6A50005C689A /* FancyView.swift */ = {isa = PBXFileReference; fileEncoding = 4; lastKnownFileType = sourcecode.swift; path = FancyView.swift; sourceTree = "<group>"; };
		7DE290B01E5E6B11005C689A /* Constants.swift */ = {isa = PBXFileReference; fileEncoding = 4; lastKnownFileType = sourcecode.swift; path = Constants.swift; sourceTree = "<group>"; };
		7DE290B21E5E6CF4005C689A /* RoundBtn.swift */ = {isa = PBXFileReference; fileEncoding = 4; lastKnownFileType = sourcecode.swift; path = RoundBtn.swift; sourceTree = "<group>"; };
		7DE290B41E5E6E89005C689A /* FancyField.swift */ = {isa = PBXFileReference; fileEncoding = 4; lastKnownFileType = sourcecode.swift; path = FancyField.swift; sourceTree = "<group>"; };
		7DE290B61E5E6FE6005C689A /* FancySignInBtn.swift */ = {isa = PBXFileReference; fileEncoding = 4; lastKnownFileType = sourcecode.swift; path = FancySignInBtn.swift; sourceTree = "<group>"; };
		7DF3C5381E5DF9A2005D9161 /* kuti-social.app */ = {isa = PBXFileReference; explicitFileType = wrapper.application; includeInIndex = 0; path = "kuti-social.app"; sourceTree = BUILT_PRODUCTS_DIR; };
		7DF3C53B1E5DF9A2005D9161 /* AppDelegate.swift */ = {isa = PBXFileReference; lastKnownFileType = sourcecode.swift; path = AppDelegate.swift; sourceTree = "<group>"; };
		7DF3C53D1E5DF9A2005D9161 /* SignInVC.swift */ = {isa = PBXFileReference; lastKnownFileType = sourcecode.swift; path = SignInVC.swift; sourceTree = "<group>"; };
		7DF3C5401E5DF9A2005D9161 /* Base */ = {isa = PBXFileReference; lastKnownFileType = file.storyboard; name = Base; path = Base.lproj/Main.storyboard; sourceTree = "<group>"; };
		7DF3C5421E5DF9A2005D9161 /* Assets.xcassets */ = {isa = PBXFileReference; lastKnownFileType = folder.assetcatalog; path = Assets.xcassets; sourceTree = "<group>"; };
		7DF3C5451E5DF9A2005D9161 /* Base */ = {isa = PBXFileReference; lastKnownFileType = file.storyboard; name = Base; path = Base.lproj/LaunchScreen.storyboard; sourceTree = "<group>"; };
		7DF3C5471E5DF9A2005D9161 /* Info.plist */ = {isa = PBXFileReference; lastKnownFileType = text.plist.xml; path = Info.plist; sourceTree = "<group>"; };
		BE8A747FE35155F832D3F4CB /* Pods_kuti_social.framework */ = {isa = PBXFileReference; explicitFileType = wrapper.framework; includeInIndex = 0; path = Pods_kuti_social.framework; sourceTree = BUILT_PRODUCTS_DIR; };
		C5CBE5AB8BAA39E26BF2EB2A /* Pods-kuti-social.debug.xcconfig */ = {isa = PBXFileReference; includeInIndex = 1; lastKnownFileType = text.xcconfig; name = "Pods-kuti-social.debug.xcconfig"; path = "Pods/Target Support Files/Pods-kuti-social/Pods-kuti-social.debug.xcconfig"; sourceTree = "<group>"; };
		CA2691A4DAA7D7713C36206D /* Pods-kuti-social.release.xcconfig */ = {isa = PBXFileReference; includeInIndex = 1; lastKnownFileType = text.xcconfig; name = "Pods-kuti-social.release.xcconfig"; path = "Pods/Target Support Files/Pods-kuti-social/Pods-kuti-social.release.xcconfig"; sourceTree = "<group>"; };
/* End PBXFileReference section */

/* Begin PBXFrameworksBuildPhase section */
		7DF3C5351E5DF9A2005D9161 /* Frameworks */ = {
			isa = PBXFrameworksBuildPhase;
			buildActionMask = 2147483647;
			files = (
				6E5F500E2A52C37DD608FD11 /* Pods_kuti_social.framework in Frameworks */,
			);
			runOnlyForDeploymentPostprocessing = 0;
		};
/* End PBXFrameworksBuildPhase section */

/* Begin PBXGroup section */
		368622C5B35E925697EEC9B0 /* Frameworks */ = {
			isa = PBXGroup;
			children = (
				BE8A747FE35155F832D3F4CB /* Pods_kuti_social.framework */,
			);
			name = Frameworks;
			sourceTree = "<group>";
		};
		4CF9E059F4BBEBE3CB70B44E /* Pods */ = {
			isa = PBXGroup;
			children = (
				C5CBE5AB8BAA39E26BF2EB2A /* Pods-kuti-social.debug.xcconfig */,
				CA2691A4DAA7D7713C36206D /* Pods-kuti-social.release.xcconfig */,
			);
			name = Pods;
			sourceTree = "<group>";
		};
		7D1890751E5FCC6C00E74291 /* Services */ = {
			isa = PBXGroup;
			children = (
				7D1890761E5FCC8600E74291 /* DataService.swift */,
			);
			name = Services;
			sourceTree = "<group>";
		};
		7DE290AF1E5E6AFB005C689A /* Util */ = {
			isa = PBXGroup;
			children = (
				7DE290B01E5E6B11005C689A /* Constants.swift */,
			);
			name = Util;
			sourceTree = "<group>";
		};
		7DF3C52F1E5DF9A2005D9161 = {
			isa = PBXGroup;
			children = (
				7DF3C53A1E5DF9A2005D9161 /* kuti-social */,
				7DF3C5391E5DF9A2005D9161 /* Products */,
				4CF9E059F4BBEBE3CB70B44E /* Pods */,
				368622C5B35E925697EEC9B0 /* Frameworks */,
			);
			sourceTree = "<group>";
		};
		7DF3C5391E5DF9A2005D9161 /* Products */ = {
			isa = PBXGroup;
			children = (
				7DF3C5381E5DF9A2005D9161 /* kuti-social.app */,
			);
			name = Products;
			sourceTree = "<group>";
		};
		7DF3C53A1E5DF9A2005D9161 /* kuti-social */ = {
			isa = PBXGroup;
			children = (
				7D1890751E5FCC6C00E74291 /* Services */,
				7DE290AF1E5E6AFB005C689A /* Util */,
				7DF3C5511E5E1011005D9161 /* Model */,
				7DF3C5501E5E1009005D9161 /* View */,
				7DF3C54F1E5E1002005D9161 /* Controller */,
				7DF3C53B1E5DF9A2005D9161 /* AppDelegate.swift */,
				7DF3C53F1E5DF9A2005D9161 /* Main.storyboard */,
				7DF3C5421E5DF9A2005D9161 /* Assets.xcassets */,
				7DF3C5441E5DF9A2005D9161 /* LaunchScreen.storyboard */,
				7DF3C5471E5DF9A2005D9161 /* Info.plist */,
				7D18906D1E5F4ECC00E74291 /* GoogleService-Info.plist */,
			);
			path = "kuti-social";
			sourceTree = "<group>";
		};
		7DF3C54F1E5E1002005D9161 /* Controller */ = {
			isa = PBXGroup;
			children = (
				7DF3C53D1E5DF9A2005D9161 /* SignInVC.swift */,
				7D18906F1E5F6D4900E74291 /* FeedVC.swift */,
			);
			name = Controller;
			sourceTree = "<group>";
		};
		7DF3C5501E5E1009005D9161 /* View */ = {
			isa = PBXGroup;
			children = (
				7DE290AD1E5E6A50005C689A /* FancyView.swift */,
				7DE290B21E5E6CF4005C689A /* RoundBtn.swift */,
				7DE290B41E5E6E89005C689A /* FancyField.swift */,
				7DE290B61E5E6FE6005C689A /* FancySignInBtn.swift */,
				7D1890711E5F95EB00E74291 /* CircleView.swift */,
				7D1890731E5FB99400E74291 /* PostCell.swift */,
			);
			name = View;
			sourceTree = "<group>";
		};
		7DF3C5511E5E1011005D9161 /* Model */ = {
			isa = PBXGroup;
			children = (
			);
			name = Model;
			sourceTree = "<group>";
		};
/* End PBXGroup section */

/* Begin PBXNativeTarget section */
		7DF3C5371E5DF9A2005D9161 /* kuti-social */ = {
			isa = PBXNativeTarget;
			buildConfigurationList = 7DF3C54A1E5DF9A2005D9161 /* Build configuration list for PBXNativeTarget "kuti-social" */;
			buildPhases = (
				F8DE4E11E53F16F6B99CBADA /* [CP] Check Pods Manifest.lock */,
				7DF3C5341E5DF9A2005D9161 /* Sources */,
				7DF3C5351E5DF9A2005D9161 /* Frameworks */,
				7DF3C5361E5DF9A2005D9161 /* Resources */,
				1B4F77C706EF934B12C1F9A2 /* [CP] Embed Pods Frameworks */,
				7D8EC79D69B17ACEF23E3934 /* [CP] Copy Pods Resources */,
			);
			buildRules = (
			);
			dependencies = (
			);
			name = "kuti-social";
			productName = "kuti-social";
			productReference = 7DF3C5381E5DF9A2005D9161 /* kuti-social.app */;
			productType = "com.apple.product-type.application";
		};
/* End PBXNativeTarget section */

/* Begin PBXProject section */
		7DF3C5301E5DF9A2005D9161 /* Project object */ = {
			isa = PBXProject;
			attributes = {
				LastSwiftUpdateCheck = 0820;
				LastUpgradeCheck = 0820;
				ORGANIZATIONNAME = kuti;
				TargetAttributes = {
					7DF3C5371E5DF9A2005D9161 = {
						CreatedOnToolsVersion = 8.2.1;
						DevelopmentTeam = 2ZBJLWH3JB;
						LastSwiftMigration = 0820;
						ProvisioningStyle = Automatic;
					};
				};
			};
			buildConfigurationList = 7DF3C5331E5DF9A2005D9161 /* Build configuration list for PBXProject "kuti-social" */;
			compatibilityVersion = "Xcode 3.2";
			developmentRegion = English;
			hasScannedForEncodings = 0;
			knownRegions = (
				en,
				Base,
			);
			mainGroup = 7DF3C52F1E5DF9A2005D9161;
			productRefGroup = 7DF3C5391E5DF9A2005D9161 /* Products */;
			projectDirPath = "";
			projectRoot = "";
			targets = (
				7DF3C5371E5DF9A2005D9161 /* kuti-social */,
			);
		};
/* End PBXProject section */

/* Begin PBXResourcesBuildPhase section */
		7DF3C5361E5DF9A2005D9161 /* Resources */ = {
			isa = PBXResourcesBuildPhase;
			buildActionMask = 2147483647;
			files = (
				7DF3C5461E5DF9A2005D9161 /* LaunchScreen.storyboard in Resources */,
				7DF3C5431E5DF9A2005D9161 /* Assets.xcassets in Resources */,
				7DF3C5411E5DF9A2005D9161 /* Main.storyboard in Resources */,
				7D18906E1E5F4ECC00E74291 /* GoogleService-Info.plist in Resources */,
			);
			runOnlyForDeploymentPostprocessing = 0;
		};
/* End PBXResourcesBuildPhase section */

/* Begin PBXShellScriptBuildPhase section */
		1B4F77C706EF934B12C1F9A2 /* [CP] Embed Pods Frameworks */ = {
			isa = PBXShellScriptBuildPhase;
			buildActionMask = 2147483647;
			files = (
			);
			inputPaths = (
			);
			name = "[CP] Embed Pods Frameworks";
			outputPaths = (
			);
			runOnlyForDeploymentPostprocessing = 0;
			shellPath = /bin/sh;
			shellScript = "\"${SRCROOT}/Pods/Target Support Files/Pods-kuti-social/Pods-kuti-social-frameworks.sh\"\n";
			showEnvVarsInLog = 0;
		};
		7D8EC79D69B17ACEF23E3934 /* [CP] Copy Pods Resources */ = {
			isa = PBXShellScriptBuildPhase;
			buildActionMask = 2147483647;
			files = (
			);
			inputPaths = (
			);
			name = "[CP] Copy Pods Resources";
			outputPaths = (
			);
			runOnlyForDeploymentPostprocessing = 0;
			shellPath = /bin/sh;
			shellScript = "\"${SRCROOT}/Pods/Target Support Files/Pods-kuti-social/Pods-kuti-social-resources.sh\"\n";
			showEnvVarsInLog = 0;
		};
		F8DE4E11E53F16F6B99CBADA /* [CP] Check Pods Manifest.lock */ = {
			isa = PBXShellScriptBuildPhase;
			buildActionMask = 2147483647;
			files = (
			);
			inputPaths = (
			);
			name = "[CP] Check Pods Manifest.lock";
			outputPaths = (
			);
			runOnlyForDeploymentPostprocessing = 0;
			shellPath = /bin/sh;
			shellScript = "diff \"${PODS_ROOT}/../Podfile.lock\" \"${PODS_ROOT}/Manifest.lock\" > /dev/null\nif [ $? != 0 ] ; then\n    # print error to STDERR\n    echo \"error: The sandbox is not in sync with the Podfile.lock. Run 'pod install' or update your CocoaPods installation.\" >&2\n    exit 1\nfi\n";
			showEnvVarsInLog = 0;
		};
/* End PBXShellScriptBuildPhase section */

/* Begin PBXSourcesBuildPhase section */
		7DF3C5341E5DF9A2005D9161 /* Sources */ = {
			isa = PBXSourcesBuildPhase;
			buildActionMask = 2147483647;
			files = (
				7D1890721E5F95EB00E74291 /* CircleView.swift in Sources */,
				7DE290B51E5E6E89005C689A /* FancyField.swift in Sources */,
				7DF3C53E1E5DF9A2005D9161 /* SignInVC.swift in Sources */,
				7DE290B31E5E6CF4005C689A /* RoundBtn.swift in Sources */,
				7DF3C53C1E5DF9A2005D9161 /* AppDelegate.swift in Sources */,
				7D1890771E5FCC8600E74291 /* DataService.swift in Sources */,
				7D1890701E5F6D4900E74291 /* FeedVC.swift in Sources */,
				7DE290B71E5E6FE6005C689A /* FancySignInBtn.swift in Sources */,
				7DE290AE1E5E6A50005C689A /* FancyView.swift in Sources */,
				7DE290B11E5E6B11005C689A /* Constants.swift in Sources */,
				7D1890741E5FB99400E74291 /* PostCell.swift in Sources */,
			);
			runOnlyForDeploymentPostprocessing = 0;
		};
/* End PBXSourcesBuildPhase section */

/* Begin PBXVariantGroup section */
		7DF3C53F1E5DF9A2005D9161 /* Main.storyboard */ = {
			isa = PBXVariantGroup;
			children = (
				7DF3C5401E5DF9A2005D9161 /* Base */,
			);
			name = Main.storyboard;
			sourceTree = "<group>";
		};
		7DF3C5441E5DF9A2005D9161 /* LaunchScreen.storyboard */ = {
			isa = PBXVariantGroup;
			children = (
				7DF3C5451E5DF9A2005D9161 /* Base */,
			);
			name = LaunchScreen.storyboard;
			sourceTree = "<group>";
		};
/* End PBXVariantGroup section */

/* Begin XCBuildConfiguration section */
		7DF3C5481E5DF9A2005D9161 /* Debug */ = {
			isa = XCBuildConfiguration;
			buildSettings = {
				ALWAYS_SEARCH_USER_PATHS = NO;
				CLANG_ANALYZER_NONNULL = YES;
				CLANG_CXX_LANGUAGE_STANDARD = "gnu++0x";
				CLANG_CXX_LIBRARY = "libc++";
				CLANG_ENABLE_MODULES = YES;
				CLANG_ENABLE_OBJC_ARC = YES;
				CLANG_WARN_BOOL_CONVERSION = YES;
				CLANG_WARN_CONSTANT_CONVERSION = YES;
				CLANG_WARN_DIRECT_OBJC_ISA_USAGE = YES_ERROR;
				CLANG_WARN_DOCUMENTATION_COMMENTS = YES;
				CLANG_WARN_EMPTY_BODY = YES;
				CLANG_WARN_ENUM_CONVERSION = YES;
				CLANG_WARN_INFINITE_RECURSION = YES;
				CLANG_WARN_INT_CONVERSION = YES;
				CLANG_WARN_OBJC_ROOT_CLASS = YES_ERROR;
				CLANG_WARN_SUSPICIOUS_MOVE = YES;
				CLANG_WARN_UNREACHABLE_CODE = YES;
				CLANG_WARN__DUPLICATE_METHOD_MATCH = YES;
				"CODE_SIGN_IDENTITY[sdk=iphoneos*]" = "iPhone Developer";
				COPY_PHASE_STRIP = NO;
				DEBUG_INFORMATION_FORMAT = dwarf;
				ENABLE_STRICT_OBJC_MSGSEND = YES;
				ENABLE_TESTABILITY = YES;
				GCC_C_LANGUAGE_STANDARD = gnu99;
				GCC_DYNAMIC_NO_PIC = NO;
				GCC_NO_COMMON_BLOCKS = YES;
				GCC_OPTIMIZATION_LEVEL = 0;
				GCC_PREPROCESSOR_DEFINITIONS = (
					"DEBUG=1",
					"$(inherited)",
				);
				GCC_WARN_64_TO_32_BIT_CONVERSION = YES;
				GCC_WARN_ABOUT_RETURN_TYPE = YES_ERROR;
				GCC_WARN_UNDECLARED_SELECTOR = YES;
				GCC_WARN_UNINITIALIZED_AUTOS = YES_AGGRESSIVE;
				GCC_WARN_UNUSED_FUNCTION = YES;
				GCC_WARN_UNUSED_VARIABLE = YES;
				IPHONEOS_DEPLOYMENT_TARGET = 10.2;
				MTL_ENABLE_DEBUG_INFO = YES;
				ONLY_ACTIVE_ARCH = YES;
				SDKROOT = iphoneos;
				SWIFT_ACTIVE_COMPILATION_CONDITIONS = DEBUG;
				SWIFT_OPTIMIZATION_LEVEL = "-Onone";
				TARGETED_DEVICE_FAMILY = "1,2";
			};
			name = Debug;
		};
		7DF3C5491E5DF9A2005D9161 /* Release */ = {
			isa = XCBuildConfiguration;
			buildSettings = {
				ALWAYS_SEARCH_USER_PATHS = NO;
				CLANG_ANALYZER_NONNULL = YES;
				CLANG_CXX_LANGUAGE_STANDARD = "gnu++0x";
				CLANG_CXX_LIBRARY = "libc++";
				CLANG_ENABLE_MODULES = YES;
				CLANG_ENABLE_OBJC_ARC = YES;
				CLANG_WARN_BOOL_CONVERSION = YES;
				CLANG_WARN_CONSTANT_CONVERSION = YES;
				CLANG_WARN_DIRECT_OBJC_ISA_USAGE = YES_ERROR;
				CLANG_WARN_DOCUMENTATION_COMMENTS = YES;
				CLANG_WARN_EMPTY_BODY = YES;
				CLANG_WARN_ENUM_CONVERSION = YES;
				CLANG_WARN_INFINITE_RECURSION = YES;
				CLANG_WARN_INT_CONVERSION = YES;
				CLANG_WARN_OBJC_ROOT_CLASS = YES_ERROR;
				CLANG_WARN_SUSPICIOUS_MOVE = YES;
				CLANG_WARN_UNREACHABLE_CODE = YES;
				CLANG_WARN__DUPLICATE_METHOD_MATCH = YES;
				"CODE_SIGN_IDENTITY[sdk=iphoneos*]" = "iPhone Developer";
				COPY_PHASE_STRIP = NO;
				DEBUG_INFORMATION_FORMAT = "dwarf-with-dsym";
				ENABLE_NS_ASSERTIONS = NO;
				ENABLE_STRICT_OBJC_MSGSEND = YES;
				GCC_C_LANGUAGE_STANDARD = gnu99;
				GCC_NO_COMMON_BLOCKS = YES;
				GCC_WARN_64_TO_32_BIT_CONVERSION = YES;
				GCC_WARN_ABOUT_RETURN_TYPE = YES_ERROR;
				GCC_WARN_UNDECLARED_SELECTOR = YES;
				GCC_WARN_UNINITIALIZED_AUTOS = YES_AGGRESSIVE;
				GCC_WARN_UNUSED_FUNCTION = YES;
				GCC_WARN_UNUSED_VARIABLE = YES;
				IPHONEOS_DEPLOYMENT_TARGET = 10.2;
				MTL_ENABLE_DEBUG_INFO = NO;
				SDKROOT = iphoneos;
				SWIFT_OPTIMIZATION_LEVEL = "-Owholemodule";
				TARGETED_DEVICE_FAMILY = "1,2";
				VALIDATE_PRODUCT = YES;
			};
			name = Release;
		};
		7DF3C54B1E5DF9A2005D9161 /* Debug */ = {
			isa = XCBuildConfiguration;
			baseConfigurationReference = C5CBE5AB8BAA39E26BF2EB2A /* Pods-kuti-social.debug.xcconfig */;
			buildSettings = {
				ASSETCATALOG_COMPILER_APPICON_NAME = AppIcon;
				CLANG_ENABLE_MODULES = YES;
				DEVELOPMENT_TEAM = 2ZBJLWH3JB;
				FRAMEWORK_SEARCH_PATHS = (
					"$(inherited)",
					"$(PROJECT_DIR)",
				);
				INFOPLIST_FILE = "kuti-social/Info.plist";
				LD_RUNPATH_SEARCH_PATHS = "$(inherited) @executable_path/Frameworks";
				PRODUCT_BUNDLE_IDENTIFIER = "com.kuti.kuti-social";
				PRODUCT_NAME = "$(TARGET_NAME)";
				SWIFT_OPTIMIZATION_LEVEL = "-Onone";
				SWIFT_VERSION = 3.0;
			};
			name = Debug;
		};
		7DF3C54C1E5DF9A2005D9161 /* Release */ = {
			isa = XCBuildConfiguration;
			baseConfigurationReference = CA2691A4DAA7D7713C36206D /* Pods-kuti-social.release.xcconfig */;
			buildSettings = {
				ASSETCATALOG_COMPILER_APPICON_NAME = AppIcon;
				CLANG_ENABLE_MODULES = YES;
				DEVELOPMENT_TEAM = 2ZBJLWH3JB;
				FRAMEWORK_SEARCH_PATHS = (
					"$(inherited)",
					"$(PROJECT_DIR)",
				);
				INFOPLIST_FILE = "kuti-social/Info.plist";
				LD_RUNPATH_SEARCH_PATHS = "$(inherited) @executable_path/Frameworks";
				PRODUCT_BUNDLE_IDENTIFIER = "com.kuti.kuti-social";
				PRODUCT_NAME = "$(TARGET_NAME)";
				SWIFT_VERSION = 3.0;
			};
			name = Release;
		};
/* End XCBuildConfiguration section */

/* Begin XCConfigurationList section */
		7DF3C5331E5DF9A2005D9161 /* Build configuration list for PBXProject "kuti-social" */ = {
			isa = XCConfigurationList;
			buildConfigurations = (
				7DF3C5481E5DF9A2005D9161 /* Debug */,
				7DF3C5491E5DF9A2005D9161 /* Release */,
			);
			defaultConfigurationIsVisible = 0;
			defaultConfigurationName = Release;
		};
		7DF3C54A1E5DF9A2005D9161 /* Build configuration list for PBXNativeTarget "kuti-social" */ = {
			isa = XCConfigurationList;
			buildConfigurations = (
				7DF3C54B1E5DF9A2005D9161 /* Debug */,
				7DF3C54C1E5DF9A2005D9161 /* Release */,
			);
			defaultConfigurationIsVisible = 0;
			defaultConfigurationName = Release;
		};
/* End XCConfigurationList section */
	};
	rootObject = 7DF3C5301E5DF9A2005D9161 /* Project object */;
}
